// !$*UTF8*$!
{
	archiveVersion = 1;
	classes = {
	};
	objectVersion = 56;
	objects = {

/* Begin PBXBuildFile section */
		719593962A076B8C00AEB185 /* BooksAppApp.swift in Sources */ = {isa = PBXBuildFile; fileRef = 719593952A076B8C00AEB185 /* BooksAppApp.swift */; };
		719593982A076B8C00AEB185 /* ContentView.swift in Sources */ = {isa = PBXBuildFile; fileRef = 719593972A076B8C00AEB185 /* ContentView.swift */; };
		7195939A2A076B8E00AEB185 /* Assets.xcassets in Resources */ = {isa = PBXBuildFile; fileRef = 719593992A076B8E00AEB185 /* Assets.xcassets */; };
		7195939D2A076B8E00AEB185 /* Preview Assets.xcassets in Resources */ = {isa = PBXBuildFile; fileRef = 7195939C2A076B8E00AEB185 /* Preview Assets.xcassets */; };
		719593AA2A076CA600AEB185 /* HomeView.swift in Sources */ = {isa = PBXBuildFile; fileRef = 719593A92A076CA600AEB185 /* HomeView.swift */; };
		719593AC2A076CC500AEB185 /* CategoriesView.swift in Sources */ = {isa = PBXBuildFile; fileRef = 719593AB2A076CC500AEB185 /* CategoriesView.swift */; };
		719593AE2A076CE800AEB185 /* FavouritesView.swift in Sources */ = {isa = PBXBuildFile; fileRef = 719593AD2A076CE800AEB185 /* FavouritesView.swift */; };
		719593B02A076D0000AEB185 /* SettingsView.swift in Sources */ = {isa = PBXBuildFile; fileRef = 719593AF2A076D0000AEB185 /* SettingsView.swift */; };
		719593B22A076D1B00AEB185 /* NewBookView.swift in Sources */ = {isa = PBXBuildFile; fileRef = 719593B12A076D1B00AEB185 /* NewBookView.swift */; };
		719593B42A076F1300AEB185 /* TabBar.swift in Sources */ = {isa = PBXBuildFile; fileRef = 719593B32A076F1300AEB185 /* TabBar.swift */; };
		719593B62A07718500AEB185 /* BokksModel.swift in Sources */ = {isa = PBXBuildFile; fileRef = 719593B52A07718500AEB185 /* BokksModel.swift */; };
		719593B82A07805A00AEB185 /* BookCard.swift in Sources */ = {isa = PBXBuildFile; fileRef = 719593B72A07805A00AEB185 /* BookCard.swift */; };
		719593BA2A07899800AEB185 /* BookList.swift in Sources */ = {isa = PBXBuildFile; fileRef = 719593B92A07899800AEB185 /* BookList.swift */; };
		719593BC2A078E8C00AEB185 /* BookView.swift in Sources */ = {isa = PBXBuildFile; fileRef = 719593BB2A078E8C00AEB185 /* BookView.swift */; };
		719593BE2A07A23400AEB185 /* CategoryView.swift in Sources */ = {isa = PBXBuildFile; fileRef = 719593BD2A07A23400AEB185 /* CategoryView.swift */; };
/* End PBXBuildFile section */

/* Begin PBXFileReference section */
		719593922A076B8C00AEB185 /* BooksApp.app */ = {isa = PBXFileReference; explicitFileType = wrapper.application; includeInIndex = 0; path = BooksApp.app; sourceTree = BUILT_PRODUCTS_DIR; };
		719593952A076B8C00AEB185 /* BooksAppApp.swift */ = {isa = PBXFileReference; lastKnownFileType = sourcecode.swift; path = BooksAppApp.swift; sourceTree = "<group>"; };
		719593972A076B8C00AEB185 /* ContentView.swift */ = {isa = PBXFileReference; lastKnownFileType = sourcecode.swift; path = ContentView.swift; sourceTree = "<group>"; };
		719593992A076B8E00AEB185 /* Assets.xcassets */ = {isa = PBXFileReference; lastKnownFileType = folder.assetcatalog; path = Assets.xcassets; sourceTree = "<group>"; };
		7195939C2A076B8E00AEB185 /* Preview Assets.xcassets */ = {isa = PBXFileReference; lastKnownFileType = folder.assetcatalog; path = "Preview Assets.xcassets"; sourceTree = "<group>"; };
		719593A92A076CA600AEB185 /* HomeView.swift */ = {isa = PBXFileReference; lastKnownFileType = sourcecode.swift; path = HomeView.swift; sourceTree = "<group>"; };
		719593AB2A076CC500AEB185 /* CategoriesView.swift */ = {isa = PBXFileReference; lastKnownFileType = sourcecode.swift; path = CategoriesView.swift; sourceTree = "<group>"; };
		719593AD2A076CE800AEB185 /* FavouritesView.swift */ = {isa = PBXFileReference; lastKnownFileType = sourcecode.swift; path = FavouritesView.swift; sourceTree = "<group>"; };
		719593AF2A076D0000AEB185 /* SettingsView.swift */ = {isa = PBXFileReference; lastKnownFileType = sourcecode.swift; path = SettingsView.swift; sourceTree = "<group>"; };
		719593B12A076D1B00AEB185 /* NewBookView.swift */ = {isa = PBXFileReference; lastKnownFileType = sourcecode.swift; path = NewBookView.swift; sourceTree = "<group>"; };
		719593B32A076F1300AEB185 /* TabBar.swift */ = {isa = PBXFileReference; lastKnownFileType = sourcecode.swift; path = TabBar.swift; sourceTree = "<group>"; };
		719593B52A07718500AEB185 /* BokksModel.swift */ = {isa = PBXFileReference; lastKnownFileType = sourcecode.swift; path = BokksModel.swift; sourceTree = "<group>"; };
		719593B72A07805A00AEB185 /* BookCard.swift */ = {isa = PBXFileReference; lastKnownFileType = sourcecode.swift; path = BookCard.swift; sourceTree = "<group>"; };
		719593B92A07899800AEB185 /* BookList.swift */ = {isa = PBXFileReference; lastKnownFileType = sourcecode.swift; path = BookList.swift; sourceTree = "<group>"; };
		719593BB2A078E8C00AEB185 /* BookView.swift */ = {isa = PBXFileReference; lastKnownFileType = sourcecode.swift; path = BookView.swift; sourceTree = "<group>"; };
		719593BD2A07A23400AEB185 /* CategoryView.swift */ = {isa = PBXFileReference; lastKnownFileType = sourcecode.swift; path = CategoryView.swift; sourceTree = "<group>"; };
/* End PBXFileReference section */

/* Begin PBXFrameworksBuildPhase section */
		7195938F2A076B8C00AEB185 /* Frameworks */ = {
			isa = PBXFrameworksBuildPhase;
			buildActionMask = 2147483647;
			files = (
			);
			runOnlyForDeploymentPostprocessing = 0;
		};
/* End PBXFrameworksBuildPhase section */

/* Begin PBXGroup section */
		719593892A076B8C00AEB185 = {
			isa = PBXGroup;
			children = (
				719593942A076B8C00AEB185 /* BooksApp */,
				719593932A076B8C00AEB185 /* Products */,
			);
			sourceTree = "<group>";
		};
		719593932A076B8C00AEB185 /* Products */ = {
			isa = PBXGroup;
			children = (
				719593922A076B8C00AEB185 /* BooksApp.app */,
			);
			name = Products;
			sourceTree = "<group>";
		};
		719593942A076B8C00AEB185 /* BooksApp */ = {
			isa = PBXGroup;
			children = (
				719593A52A076BE600AEB185 /* Views */,
				719593A42A076BDD00AEB185 /* ViewModels */,
				719593A32A076BD000AEB185 /* Models */,
				719593952A076B8C00AEB185 /* BooksAppApp.swift */,
				719593992A076B8E00AEB185 /* Assets.xcassets */,
				7195939B2A076B8E00AEB185 /* Preview Content */,
			);
			path = BooksApp;
			sourceTree = "<group>";
		};
		7195939B2A076B8E00AEB185 /* Preview Content */ = {
			isa = PBXGroup;
			children = (
				7195939C2A076B8E00AEB185 /* Preview Assets.xcassets */,
			);
			path = "Preview Content";
			sourceTree = "<group>";
		};
		719593A32A076BD000AEB185 /* Models */ = {
			isa = PBXGroup;
			children = (
				719593B52A07718500AEB185 /* BokksModel.swift */,
			);
			path = Models;
			sourceTree = "<group>";
		};
		719593A42A076BDD00AEB185 /* ViewModels */ = {
			isa = PBXGroup;
			children = (
			);
			path = ViewModels;
			sourceTree = "<group>";
		};
		719593A52A076BE600AEB185 /* Views */ = {
			isa = PBXGroup;
			children = (
				719593A82A076C1200AEB185 /* Main */,
				719593A72A076C0A00AEB185 /* Details */,
				719593A62A076BFA00AEB185 /* Components */,
			);
			path = Views;
			sourceTree = "<group>";
		};
		719593A62A076BFA00AEB185 /* Components */ = {
			isa = PBXGroup;
			children = (
				719593B72A07805A00AEB185 /* BookCard.swift */,
				719593B92A07899800AEB185 /* BookList.swift */,
			);
			path = Components;
			sourceTree = "<group>";
		};
		719593A72A076C0A00AEB185 /* Details */ = {
			isa = PBXGroup;
			children = (
				719593BB2A078E8C00AEB185 /* BookView.swift */,
				719593BD2A07A23400AEB185 /* CategoryView.swift */,
			);
			path = Details;
			sourceTree = "<group>";
		};
		719593A82A076C1200AEB185 /* Main */ = {
			isa = PBXGroup;
			children = (
				719593972A076B8C00AEB185 /* ContentView.swift */,
				719593B32A076F1300AEB185 /* TabBar.swift */,
				719593A92A076CA600AEB185 /* HomeView.swift */,
				719593AB2A076CC500AEB185 /* CategoriesView.swift */,
				719593B12A076D1B00AEB185 /* NewBookView.swift */,
				719593AD2A076CE800AEB185 /* FavouritesView.swift */,
				719593AF2A076D0000AEB185 /* SettingsView.swift */,
			);
			path = Main;
			sourceTree = "<group>";
		};
/* End PBXGroup section */

/* Begin PBXNativeTarget section */
		719593912A076B8C00AEB185 /* BooksApp */ = {
			isa = PBXNativeTarget;
			buildConfigurationList = 719593A02A076B8E00AEB185 /* Build configuration list for PBXNativeTarget "BooksApp" */;
			buildPhases = (
				7195938E2A076B8C00AEB185 /* Sources */,
				7195938F2A076B8C00AEB185 /* Frameworks */,
				719593902A076B8C00AEB185 /* Resources */,
			);
			buildRules = (
			);
			dependencies = (
			);
			name = BooksApp;
			productName = BooksApp;
			productReference = 719593922A076B8C00AEB185 /* BooksApp.app */;
			productType = "com.apple.product-type.application";
		};
/* End PBXNativeTarget section */

/* Begin PBXProject section */
		7195938A2A076B8C00AEB185 /* Project object */ = {
			isa = PBXProject;
			attributes = {
				BuildIndependentTargetsInParallel = 1;
				LastSwiftUpdateCheck = 1420;
				LastUpgradeCheck = 1420;
				TargetAttributes = {
					719593912A076B8C00AEB185 = {
						CreatedOnToolsVersion = 14.2;
					};
				};
			};
			buildConfigurationList = 7195938D2A076B8C00AEB185 /* Build configuration list for PBXProject "BooksApp" */;
			compatibilityVersion = "Xcode 14.0";
			developmentRegion = en;
			hasScannedForEncodings = 0;
			knownRegions = (
				en,
				Base,
			);
			mainGroup = 719593892A076B8C00AEB185;
			productRefGroup = 719593932A076B8C00AEB185 /* Products */;
			projectDirPath = "";
			projectRoot = "";
			targets = (
				719593912A076B8C00AEB185 /* BooksApp */,
			);
		};
/* End PBXProject section */

/* Begin PBXResourcesBuildPhase section */
		719593902A076B8C00AEB185 /* Resources */ = {
			isa = PBXResourcesBuildPhase;
			buildActionMask = 2147483647;
			files = (
				7195939D2A076B8E00AEB185 /* Preview Assets.xcassets in Resources */,
				7195939A2A076B8E00AEB185 /* Assets.xcassets in Resources */,
			);
			runOnlyForDeploymentPostprocessing = 0;
		};
/* End PBXResourcesBuildPhase section */

/* Begin PBXSourcesBuildPhase section */
		7195938E2A076B8C00AEB185 /* Sources */ = {
			isa = PBXSourcesBuildPhase;
			buildActionMask = 2147483647;
			files = (
				719593B82A07805A00AEB185 /* BookCard.swift in Sources */,
				719593BA2A07899800AEB185 /* BookList.swift in Sources */,
				719593AC2A076CC500AEB185 /* CategoriesView.swift in Sources */,
				719593BC2A078E8C00AEB185 /* BookView.swift in Sources */,
				719593B62A07718500AEB185 /* BokksModel.swift in Sources */,
				719593BE2A07A23400AEB185 /* CategoryView.swift in Sources */,
				719593AA2A076CA600AEB185 /* HomeView.swift in Sources */,
				719593982A076B8C00AEB185 /* ContentView.swift in Sources */,
				719593B42A076F1300AEB185 /* TabBar.swift in Sources */,
				719593B02A076D0000AEB185 /* SettingsView.swift in Sources */,
				719593AE2A076CE800AEB185 /* FavouritesView.swift in Sources */,
				719593B22A076D1B00AEB185 /* NewBookView.swift in Sources */,
				719593962A076B8C00AEB185 /* BooksAppApp.swift in Sources */,
			);
			runOnlyForDeploymentPostprocessing = 0;
		};
/* End PBXSourcesBuildPhase section */

/* Begin XCBuildConfiguration section */
		7195939E2A076B8E00AEB185 /* Debug */ = {
			isa = XCBuildConfiguration;
			buildSettings = {
				ALWAYS_SEARCH_USER_PATHS = NO;
				CLANG_ANALYZER_NONNULL = YES;
				CLANG_ANALYZER_NUMBER_OBJECT_CONVERSION = YES_AGGRESSIVE;
				CLANG_CXX_LANGUAGE_STANDARD = "gnu++20";
				CLANG_ENABLE_MODULES = YES;
				CLANG_ENABLE_OBJC_ARC = YES;
				CLANG_ENABLE_OBJC_WEAK = YES;
				CLANG_WARN_BLOCK_CAPTURE_AUTORELEASING = YES;
				CLANG_WARN_BOOL_CONVERSION = YES;
				CLANG_WARN_COMMA = YES;
				CLANG_WARN_CONSTANT_CONVERSION = YES;
				CLANG_WARN_DEPRECATED_OBJC_IMPLEMENTATIONS = YES;
				CLANG_WARN_DIRECT_OBJC_ISA_USAGE = YES_ERROR;
				CLANG_WARN_DOCUMENTATION_COMMENTS = YES;
				CLANG_WARN_EMPTY_BODY = YES;
				CLANG_WARN_ENUM_CONVERSION = YES;
				CLANG_WARN_INFINITE_RECURSION = YES;
				CLANG_WARN_INT_CONVERSION = YES;
				CLANG_WARN_NON_LITERAL_NULL_CONVERSION = YES;
				CLANG_WARN_OBJC_IMPLICIT_RETAIN_SELF = YES;
				CLANG_WARN_OBJC_LITERAL_CONVERSION = YES;
				CLANG_WARN_OBJC_ROOT_CLASS = YES_ERROR;
				CLANG_WARN_QUOTED_INCLUDE_IN_FRAMEWORK_HEADER = YES;
				CLANG_WARN_RANGE_LOOP_ANALYSIS = YES;
				CLANG_WARN_STRICT_PROTOTYPES = YES;
				CLANG_WARN_SUSPICIOUS_MOVE = YES;
				CLANG_WARN_UNGUARDED_AVAILABILITY = YES_AGGRESSIVE;
				CLANG_WARN_UNREACHABLE_CODE = YES;
				CLANG_WARN__DUPLICATE_METHOD_MATCH = YES;
				COPY_PHASE_STRIP = NO;
				DEBUG_INFORMATION_FORMAT = dwarf;
				ENABLE_STRICT_OBJC_MSGSEND = YES;
				ENABLE_TESTABILITY = YES;
				GCC_C_LANGUAGE_STANDARD = gnu11;
				GCC_DYNAMIC_NO_PIC = NO;
				GCC_NO_COMMON_BLOCKS = YES;
				GCC_OPTIMIZATION_LEVEL = 0;
				GCC_PREPROCESSOR_DEFINITIONS = (
					"DEBUG=1",
					"$(inherited)",
				);
				GCC_WARN_64_TO_32_BIT_CONVERSION = YES;
				GCC_WARN_ABOUT_RETURN_TYPE = YES_ERROR;
				GCC_WARN_UNDECLARED_SELECTOR = YES;
				GCC_WARN_UNINITIALIZED_AUTOS = YES_AGGRESSIVE;
				GCC_WARN_UNUSED_FUNCTION = YES;
				GCC_WARN_UNUSED_VARIABLE = YES;
				IPHONEOS_DEPLOYMENT_TARGET = 16.2;
				MTL_ENABLE_DEBUG_INFO = INCLUDE_SOURCE;
				MTL_FAST_MATH = YES;
				ONLY_ACTIVE_ARCH = YES;
				SDKROOT = iphoneos;
				SWIFT_ACTIVE_COMPILATION_CONDITIONS = DEBUG;
				SWIFT_OPTIMIZATION_LEVEL = "-Onone";
			};
			name = Debug;
		};
		7195939F2A076B8E00AEB185 /* Release */ = {
			isa = XCBuildConfiguration;
			buildSettings = {
				ALWAYS_SEARCH_USER_PATHS = NO;
				CLANG_ANALYZER_NONNULL = YES;
				CLANG_ANALYZER_NUMBER_OBJECT_CONVERSION = YES_AGGRESSIVE;
				CLANG_CXX_LANGUAGE_STANDARD = "gnu++20";
				CLANG_ENABLE_MODULES = YES;
				CLANG_ENABLE_OBJC_ARC = YES;
				CLANG_ENABLE_OBJC_WEAK = YES;
				CLANG_WARN_BLOCK_CAPTURE_AUTORELEASING = YES;
				CLANG_WARN_BOOL_CONVERSION = YES;
				CLANG_WARN_COMMA = YES;
				CLANG_WARN_CONSTANT_CONVERSION = YES;
				CLANG_WARN_DEPRECATED_OBJC_IMPLEMENTATIONS = YES;
				CLANG_WARN_DIRECT_OBJC_ISA_USAGE = YES_ERROR;
				CLANG_WARN_DOCUMENTATION_COMMENTS = YES;
				CLANG_WARN_EMPTY_BODY = YES;
				CLANG_WARN_ENUM_CONVERSION = YES;
				CLANG_WARN_INFINITE_RECURSION = YES;
				CLANG_WARN_INT_CONVERSION = YES;
				CLANG_WARN_NON_LITERAL_NULL_CONVERSION = YES;
				CLANG_WARN_OBJC_IMPLICIT_RETAIN_SELF = YES;
				CLANG_WARN_OBJC_LITERAL_CONVERSION = YES;
				CLANG_WARN_OBJC_ROOT_CLASS = YES_ERROR;
				CLANG_WARN_QUOTED_INCLUDE_IN_FRAMEWORK_HEADER = YES;
				CLANG_WARN_RANGE_LOOP_ANALYSIS = YES;
				CLANG_WARN_STRICT_PROTOTYPES = YES;
				CLANG_WARN_SUSPICIOUS_MOVE = YES;
				CLANG_WARN_UNGUARDED_AVAILABILITY = YES_AGGRESSIVE;
				CLANG_WARN_UNREACHABLE_CODE = YES;
				CLANG_WARN__DUPLICATE_METHOD_MATCH = YES;
				COPY_PHASE_STRIP = NO;
				DEBUG_INFORMATION_FORMAT = "dwarf-with-dsym";
				ENABLE_NS_ASSERTIONS = NO;
				ENABLE_STRICT_OBJC_MSGSEND = YES;
				GCC_C_LANGUAGE_STANDARD = gnu11;
				GCC_NO_COMMON_BLOCKS = YES;
				GCC_WARN_64_TO_32_BIT_CONVERSION = YES;
				GCC_WARN_ABOUT_RETURN_TYPE = YES_ERROR;
				GCC_WARN_UNDECLARED_SELECTOR = YES;
				GCC_WARN_UNINITIALIZED_AUTOS = YES_AGGRESSIVE;
				GCC_WARN_UNUSED_FUNCTION = YES;
				GCC_WARN_UNUSED_VARIABLE = YES;
				IPHONEOS_DEPLOYMENT_TARGET = 16.2;
				MTL_ENABLE_DEBUG_INFO = NO;
				MTL_FAST_MATH = YES;
				SDKROOT = iphoneos;
				SWIFT_COMPILATION_MODE = wholemodule;
				SWIFT_OPTIMIZATION_LEVEL = "-O";
				VALIDATE_PRODUCT = YES;
			};
			name = Release;
		};
		719593A12A076B8E00AEB185 /* Debug */ = {
			isa = XCBuildConfiguration;
			buildSettings = {
				ASSETCATALOG_COMPILER_APPICON_NAME = AppIcon;
				ASSETCATALOG_COMPILER_GLOBAL_ACCENT_COLOR_NAME = AccentColor;
				CODE_SIGN_STYLE = Automatic;
				CURRENT_PROJECT_VERSION = 1;
				DEVELOPMENT_ASSET_PATHS = "\"BooksApp/Preview Content\"";
				ENABLE_PREVIEWS = YES;
				GENERATE_INFOPLIST_FILE = YES;
				INFOPLIST_KEY_UIApplicationSceneManifest_Generation = YES;
				INFOPLIST_KEY_UIApplicationSupportsIndirectInputEvents = YES;
				INFOPLIST_KEY_UILaunchScreen_Generation = YES;
				INFOPLIST_KEY_UISupportedInterfaceOrientations_iPad = "UIInterfaceOrientationPortrait UIInterfaceOrientationPortraitUpsideDown UIInterfaceOrientationLandscapeLeft UIInterfaceOrientationLandscapeRight";
				INFOPLIST_KEY_UISupportedInterfaceOrientations_iPhone = "UIInterfaceOrientationPortrait UIInterfaceOrientationLandscapeLeft UIInterfaceOrientationLandscapeRight";
				LD_RUNPATH_SEARCH_PATHS = (
					"$(inherited)",
					"@executable_path/Frameworks",
				);
				MARKETING_VERSION = 1.0;
				PRODUCT_BUNDLE_IDENTIFIER = com.example.BooksApp;
				PRODUCT_NAME = "$(TARGET_NAME)";
				SWIFT_EMIT_LOC_STRINGS = YES;
				SWIFT_VERSION = 5.0;
				TARGETED_DEVICE_FAMILY = "1,2";
			};
			name = Debug;
		};
		719593A22A076B8E00AEB185 /* Release */ = {
			isa = XCBuildConfiguration;
			buildSettings = {
				ASSETCATALOG_COMPILER_APPICON_NAME = AppIcon;
				ASSETCATALOG_COMPILER_GLOBAL_ACCENT_COLOR_NAME = AccentColor;
				CODE_SIGN_STYLE = Automatic;
				CURRENT_PROJECT_VERSION = 1;
				DEVELOPMENT_ASSET_PATHS = "\"BooksApp/Preview Content\"";
				ENABLE_PREVIEWS = YES;
				GENERATE_INFOPLIST_FILE = YES;
				INFOPLIST_KEY_UIApplicationSceneManifest_Generation = YES;
				INFOPLIST_KEY_UIApplicationSupportsIndirectInputEvents = YES;
				INFOPLIST_KEY_UILaunchScreen_Generation = YES;
				INFOPLIST_KEY_UISupportedInterfaceOrientations_iPad = "UIInterfaceOrientationPortrait UIInterfaceOrientationPortraitUpsideDown UIInterfaceOrientationLandscapeLeft UIInterfaceOrientationLandscapeRight";
				INFOPLIST_KEY_UISupportedInterfaceOrientations_iPhone = "UIInterfaceOrientationPortrait UIInterfaceOrientationLandscapeLeft UIInterfaceOrientationLandscapeRight";
				LD_RUNPATH_SEARCH_PATHS = (
					"$(inherited)",
					"@executable_path/Frameworks",
				);
				MARKETING_VERSION = 1.0;
				PRODUCT_BUNDLE_IDENTIFIER = com.example.BooksApp;
				PRODUCT_NAME = "$(TARGET_NAME)";
				SWIFT_EMIT_LOC_STRINGS = YES;
				SWIFT_VERSION = 5.0;
				TARGETED_DEVICE_FAMILY = "1,2";
			};
			name = Release;
		};
/* End XCBuildConfiguration section */

/* Begin XCConfigurationList section */
		7195938D2A076B8C00AEB185 /* Build configuration list for PBXProject "BooksApp" */ = {
			isa = XCConfigurationList;
			buildConfigurations = (
				7195939E2A076B8E00AEB185 /* Debug */,
				7195939F2A076B8E00AEB185 /* Release */,
			);
			defaultConfigurationIsVisible = 0;
			defaultConfigurationName = Release;
		};
		719593A02A076B8E00AEB185 /* Build configuration list for PBXNativeTarget "BooksApp" */ = {
			isa = XCConfigurationList;
			buildConfigurations = (
				719593A12A076B8E00AEB185 /* Debug */,
				719593A22A076B8E00AEB185 /* Release */,
			);
			defaultConfigurationIsVisible = 0;
			defaultConfigurationName = Release;
		};
/* End XCConfigurationList section */
	};
	rootObject = 7195938A2A076B8C00AEB185 /* Project object */;
}
